
Microsoft Visual Studio Solution File, Format Version 12.00
# Visual Studio Version 16
VisualStudioVersion = 16.0.28803.156
MinimumVisualStudioVersion = 10.0.40219.1
Project("{FAE04EC0-301F-11D3-BF4B-00C04F79EFBC}") = "SimpleApp", "SimpleApp\SimpleApp.csproj", "{291D000A-F71C-4C42-B12B-4C59AD37937A}"
EndProject
Project("{FAE04EC0-301F-11D3-BF4B-00C04F79EFBC}") = "WpfStyleableWindow", "..\..\..\..\..\NewWindow\WpfStyleableWindow\WpfStyleableWindow.csproj", "{D5270C46-FEEA-4E34-9391-E32D83620100}"
EndProject
Global
	GlobalSection(SolutionConfigurationPlatforms) = preSolution
		Debug|Any CPU = Debug|Any CPU
		Release|Any CPU = Release|Any CPU
	EndGlobalSection
	GlobalSection(ProjectConfigurationPlatforms) = postSolution
		{291D000A-F71C-4C42-B12B-4C59AD37937A}.Debug|Any CPU.ActiveCfg = Debug|Any CPU
		{291D000A-F71C-4C42-B12B-4C59AD37937A}.Debug|Any CPU.Build.0 = Debug|Any CPU
		{291D000A-F71C-4C42-B12B-4C59AD37937A}.Release|Any CPU.ActiveCfg = Release|Any CPU
		{291D000A-F71C-4C42-B12B-4C59AD37937A}.Release|Any CPU.Build.0 = Release|Any CPU
		{D5270C46-FEEA-4E34-9391-E32D83620100}.Debug|Any CPU.ActiveCfg = Debug|Any CPU
		{D5270C46-FEEA-4E34-9391-E32D83620100}.Debug|Any CPU.Build.0 = Debug|Any CPU
		{D5270C46-FEEA-4E34-9391-E32D83620100}.Release|Any CPU.ActiveCfg = Release|Any CPU
		{D5270C46-FEEA-4E34-9391-E32D83620100}.Release|Any CPU.Build.0 = Release|Any CPU
	EndGlobalSection
	GlobalSection(SolutionProperties) = preSolution
		HideSolutionNode = FALSE
	EndGlobalSection
	GlobalSection(ExtensibilityGlobals) = postSolution
		SolutionGuid = {8F34BA45-748C-45DD-A407-67DFF4C657D8}
	EndGlobalSection
EndGlobal
